// !$*UTF8*$!
{
	archiveVersion = 1;
	classes = {
	};
	objectVersion = 51;
	objects = {

/* Begin PBXBuildFile section */
		0EAA0872B9334A9BB70BCC5A /* Pods_prestyle.framework in Frameworks */ = {isa = PBXBuildFile; fileRef = 9B2ACF853BBF3CB840F83F86 /* Pods_prestyle.framework */; };
		F2160E21238716E600AAD278 /* Fusuma.framework in Frameworks */ = {isa = PBXBuildFile; fileRef = F2160E20238716E600AAD278 /* Fusuma.framework */; };
		F264E66A238711C3009C79ED /* Alamofire.framework in Frameworks */ = {isa = PBXBuildFile; fileRef = F264E669238711C3009C79ED /* Alamofire.framework */; };
		F264E66B238711C3009C79ED /* Alamofire.framework in Embed Frameworks */ = {isa = PBXBuildFile; fileRef = F264E669238711C3009C79ED /* Alamofire.framework */; settings = {ATTRIBUTES = (CodeSignOnCopy, RemoveHeadersOnCopy, ); }; };
		F27B61B4238624640079C8D8 /* AppDelegate.swift in Sources */ = {isa = PBXBuildFile; fileRef = F27B61B3238624640079C8D8 /* AppDelegate.swift */; };
		F27B61B6238624640079C8D8 /* SceneDelegate.swift in Sources */ = {isa = PBXBuildFile; fileRef = F27B61B5238624640079C8D8 /* SceneDelegate.swift */; };
		F27B61BB238624640079C8D8 /* Main.storyboard in Resources */ = {isa = PBXBuildFile; fileRef = F27B61B9238624640079C8D8 /* Main.storyboard */; };
		F27B61BE238624640079C8D8 /* prestyle.xcdatamodeld in Sources */ = {isa = PBXBuildFile; fileRef = F27B61BC238624640079C8D8 /* prestyle.xcdatamodeld */; };
		F27B61C0238624640079C8D8 /* Assets.xcassets in Resources */ = {isa = PBXBuildFile; fileRef = F27B61BF238624640079C8D8 /* Assets.xcassets */; };
		F27B61C3238624640079C8D8 /* LaunchScreen.storyboard in Resources */ = {isa = PBXBuildFile; fileRef = F27B61C1238624640079C8D8 /* LaunchScreen.storyboard */; };
		F2876B7D23867DD600FD9B63 /* UIViewControllerExtension.swift in Sources */ = {isa = PBXBuildFile; fileRef = F2876B7C23867DD600FD9B63 /* UIViewControllerExtension.swift */; };
		F2876B7F23867E1C00FD9B63 /* UIActivityIndicatorViewExtension.swift in Sources */ = {isa = PBXBuildFile; fileRef = F2876B7E23867E1C00FD9B63 /* UIActivityIndicatorViewExtension.swift */; };
		F2876B882386ADCA00FD9B63 /* CustomizingViewController.swift in Sources */ = {isa = PBXBuildFile; fileRef = F2876B872386ADCA00FD9B63 /* CustomizingViewController.swift */; };
/* End PBXBuildFile section */

/* Begin PBXCopyFilesBuildPhase section */
		F264E66C238711C3009C79ED /* Embed Frameworks */ = {
			isa = PBXCopyFilesBuildPhase;
			buildActionMask = 2147483647;
			dstPath = "";
			dstSubfolderSpec = 10;
			files = (
				F264E66B238711C3009C79ED /* Alamofire.framework in Embed Frameworks */,
			);
			name = "Embed Frameworks";
			runOnlyForDeploymentPostprocessing = 0;
		};
/* End PBXCopyFilesBuildPhase section */

/* Begin PBXFileReference section */
		86283F9893B8ED11EF1762A9 /* Pods-prestyle.release.xcconfig */ = {isa = PBXFileReference; includeInIndex = 1; lastKnownFileType = text.xcconfig; name = "Pods-prestyle.release.xcconfig"; path = "Target Support Files/Pods-prestyle/Pods-prestyle.release.xcconfig"; sourceTree = "<group>"; };
		9935E32DD58444E25571CFD8 /* Pods-prestyle.debug.xcconfig */ = {isa = PBXFileReference; includeInIndex = 1; lastKnownFileType = text.xcconfig; name = "Pods-prestyle.debug.xcconfig"; path = "Target Support Files/Pods-prestyle/Pods-prestyle.debug.xcconfig"; sourceTree = "<group>"; };
		9B2ACF853BBF3CB840F83F86 /* Pods_prestyle.framework */ = {isa = PBXFileReference; explicitFileType = wrapper.framework; includeInIndex = 0; path = Pods_prestyle.framework; sourceTree = BUILT_PRODUCTS_DIR; };
		F2160E20238716E600AAD278 /* Fusuma.framework */ = {isa = PBXFileReference; explicitFileType = wrapper.framework; path = Fusuma.framework; sourceTree = BUILT_PRODUCTS_DIR; };
		F264E669238711C3009C79ED /* Alamofire.framework */ = {isa = PBXFileReference; explicitFileType = wrapper.framework; path = Alamofire.framework; sourceTree = BUILT_PRODUCTS_DIR; };
		F27B61B0238624640079C8D8 /* prestyle.app */ = {isa = PBXFileReference; explicitFileType = wrapper.application; includeInIndex = 0; path = prestyle.app; sourceTree = BUILT_PRODUCTS_DIR; };
		F27B61B3238624640079C8D8 /* AppDelegate.swift */ = {isa = PBXFileReference; lastKnownFileType = sourcecode.swift; path = AppDelegate.swift; sourceTree = "<group>"; };
		F27B61B5238624640079C8D8 /* SceneDelegate.swift */ = {isa = PBXFileReference; lastKnownFileType = sourcecode.swift; path = SceneDelegate.swift; sourceTree = "<group>"; };
		F27B61BA238624640079C8D8 /* Base */ = {isa = PBXFileReference; lastKnownFileType = file.storyboard; name = Base; path = Base.lproj/Main.storyboard; sourceTree = "<group>"; };
		F27B61BD238624640079C8D8 /* prestyle.xcdatamodel */ = {isa = PBXFileReference; lastKnownFileType = wrapper.xcdatamodel; path = prestyle.xcdatamodel; sourceTree = "<group>"; };
		F27B61BF238624640079C8D8 /* Assets.xcassets */ = {isa = PBXFileReference; lastKnownFileType = folder.assetcatalog; path = Assets.xcassets; sourceTree = "<group>"; };
		F27B61C2238624640079C8D8 /* Base */ = {isa = PBXFileReference; lastKnownFileType = file.storyboard; name = Base; path = Base.lproj/LaunchScreen.storyboard; sourceTree = "<group>"; };
		F27B61C4238624640079C8D8 /* Info.plist */ = {isa = PBXFileReference; lastKnownFileType = text.plist.xml; path = Info.plist; sourceTree = "<group>"; };
		F2876B7C23867DD600FD9B63 /* UIViewControllerExtension.swift */ = {isa = PBXFileReference; lastKnownFileType = sourcecode.swift; path = UIViewControllerExtension.swift; sourceTree = "<group>"; };
		F2876B7E23867E1C00FD9B63 /* UIActivityIndicatorViewExtension.swift */ = {isa = PBXFileReference; lastKnownFileType = sourcecode.swift; path = UIActivityIndicatorViewExtension.swift; sourceTree = "<group>"; };
		F2876B872386ADCA00FD9B63 /* CustomizingViewController.swift */ = {isa = PBXFileReference; lastKnownFileType = sourcecode.swift; path = CustomizingViewController.swift; sourceTree = "<group>"; };
/* End PBXFileReference section */

/* Begin PBXFrameworksBuildPhase section */
		F27B61AD238624640079C8D8 /* Frameworks */ = {
			isa = PBXFrameworksBuildPhase;
			buildActionMask = 2147483647;
			files = (
				F2160E21238716E600AAD278 /* Fusuma.framework in Frameworks */,
				F264E66A238711C3009C79ED /* Alamofire.framework in Frameworks */,
				0EAA0872B9334A9BB70BCC5A /* Pods_prestyle.framework in Frameworks */,
			);
			runOnlyForDeploymentPostprocessing = 0;
		};
/* End PBXFrameworksBuildPhase section */

/* Begin PBXGroup section */
		D5D4B2C93BE2621BED659043 /* Pods */ = {
			isa = PBXGroup;
			children = (
				9935E32DD58444E25571CFD8 /* Pods-prestyle.debug.xcconfig */,
				86283F9893B8ED11EF1762A9 /* Pods-prestyle.release.xcconfig */,
			);
			path = Pods;
			sourceTree = "<group>";
		};
		DC5A37AAB3BFE89F0A481529 /* Frameworks */ = {
			isa = PBXGroup;
			children = (
				F2160E20238716E600AAD278 /* Fusuma.framework */,
				F264E669238711C3009C79ED /* Alamofire.framework */,
				9B2ACF853BBF3CB840F83F86 /* Pods_prestyle.framework */,
			);
			name = Frameworks;
			sourceTree = "<group>";
		};
		F27B61A7238624640079C8D8 = {
			isa = PBXGroup;
			children = (
				F27B61B2238624640079C8D8 /* prestyle */,
				F27B61B1238624640079C8D8 /* Products */,
				D5D4B2C93BE2621BED659043 /* Pods */,
				DC5A37AAB3BFE89F0A481529 /* Frameworks */,
			);
			sourceTree = "<group>";
		};
		F27B61B1238624640079C8D8 /* Products */ = {
			isa = PBXGroup;
			children = (
				F27B61B0238624640079C8D8 /* prestyle.app */,
			);
			name = Products;
			sourceTree = "<group>";
		};
		F27B61B2238624640079C8D8 /* prestyle */ = {
			isa = PBXGroup;
			children = (
				F27B61CB23863FF00079C8D8 /* StoryBoards */,
				F27B61CA23863FDF0079C8D8 /* ViewControllers */,
				F27B61B3238624640079C8D8 /* AppDelegate.swift */,
				F27B61B5238624640079C8D8 /* SceneDelegate.swift */,
				F27B61BF238624640079C8D8 /* Assets.xcassets */,
				F27B61C4238624640079C8D8 /* Info.plist */,
				F27B61BC238624640079C8D8 /* prestyle.xcdatamodeld */,
			);
			path = prestyle;
			sourceTree = "<group>";
		};
		F27B61CA23863FDF0079C8D8 /* ViewControllers */ = {
			isa = PBXGroup;
			children = (
				F2876B7C23867DD600FD9B63 /* UIViewControllerExtension.swift */,
				F2876B7E23867E1C00FD9B63 /* UIActivityIndicatorViewExtension.swift */,
				F2876B872386ADCA00FD9B63 /* CustomizingViewController.swift */,
			);
			path = ViewControllers;
			sourceTree = "<group>";
		};
		F27B61CB23863FF00079C8D8 /* StoryBoards */ = {
			isa = PBXGroup;
			children = (
				F27B61C1238624640079C8D8 /* LaunchScreen.storyboard */,
				F27B61B9238624640079C8D8 /* Main.storyboard */,
			);
			path = StoryBoards;
			sourceTree = "<group>";
		};
/* End PBXGroup section */

/* Begin PBXNativeTarget section */
		F27B61AF238624640079C8D8 /* prestyle */ = {
			isa = PBXNativeTarget;
			buildConfigurationList = F27B61C7238624640079C8D8 /* Build configuration list for PBXNativeTarget "prestyle" */;
			buildPhases = (
				AB83C14324CA9AF994393471 /* [CP] Check Pods Manifest.lock */,
				F27B61AC238624640079C8D8 /* Sources */,
				F27B61AD238624640079C8D8 /* Frameworks */,
				F27B61AE238624640079C8D8 /* Resources */,
				F264E66C238711C3009C79ED /* Embed Frameworks */,
				2296B457B7386B3574B57497 /* [CP] Embed Pods Frameworks */,
			);
			buildRules = (
			);
			dependencies = (
			);
			name = prestyle;
			productName = prestyle;
			productReference = F27B61B0238624640079C8D8 /* prestyle.app */;
			productType = "com.apple.product-type.application";
		};
/* End PBXNativeTarget section */

/* Begin PBXProject section */
		F27B61A8238624640079C8D8 /* Project object */ = {
			isa = PBXProject;
			attributes = {
				LastSwiftUpdateCheck = 1120;
				LastUpgradeCheck = 1120;
				ORGANIZATIONNAME = "강민석";
				TargetAttributes = {
					F27B61AF238624640079C8D8 = {
						CreatedOnToolsVersion = 11.2.1;
					};
				};
			};
			buildConfigurationList = F27B61AB238624640079C8D8 /* Build configuration list for PBXProject "prestyle" */;
			compatibilityVersion = "Xcode 9.3";
			developmentRegion = en;
			hasScannedForEncodings = 0;
			knownRegions = (
				en,
				Base,
			);
			mainGroup = F27B61A7238624640079C8D8;
			productRefGroup = F27B61B1238624640079C8D8 /* Products */;
			projectDirPath = "";
			projectRoot = "";
			targets = (
				F27B61AF238624640079C8D8 /* prestyle */,
			);
		};
/* End PBXProject section */

/* Begin PBXResourcesBuildPhase section */
		F27B61AE238624640079C8D8 /* Resources */ = {
			isa = PBXResourcesBuildPhase;
			buildActionMask = 2147483647;
			files = (
				F27B61C3238624640079C8D8 /* LaunchScreen.storyboard in Resources */,
				F27B61C0238624640079C8D8 /* Assets.xcassets in Resources */,
				F27B61BB238624640079C8D8 /* Main.storyboard in Resources */,
			);
			runOnlyForDeploymentPostprocessing = 0;
		};
/* End PBXResourcesBuildPhase section */

/* Begin PBXShellScriptBuildPhase section */
		2296B457B7386B3574B57497 /* [CP] Embed Pods Frameworks */ = {
			isa = PBXShellScriptBuildPhase;
			buildActionMask = 2147483647;
			files = (
			);
			inputFileListPaths = (
				"${PODS_ROOT}/Target Support Files/Pods-prestyle/Pods-prestyle-frameworks-${CONFIGURATION}-input-files.xcfilelist",
			);
			name = "[CP] Embed Pods Frameworks";
			outputFileListPaths = (
				"${PODS_ROOT}/Target Support Files/Pods-prestyle/Pods-prestyle-frameworks-${CONFIGURATION}-output-files.xcfilelist",
			);
			runOnlyForDeploymentPostprocessing = 0;
			shellPath = /bin/sh;
			shellScript = "\"${PODS_ROOT}/Target Support Files/Pods-prestyle/Pods-prestyle-frameworks.sh\"\n";
			showEnvVarsInLog = 0;
		};
		AB83C14324CA9AF994393471 /* [CP] Check Pods Manifest.lock */ = {
			isa = PBXShellScriptBuildPhase;
			buildActionMask = 2147483647;
			files = (
			);
			inputFileListPaths = (
			);
			inputPaths = (
				"${PODS_PODFILE_DIR_PATH}/Podfile.lock",
				"${PODS_ROOT}/Manifest.lock",
			);
			name = "[CP] Check Pods Manifest.lock";
			outputFileListPaths = (
			);
			outputPaths = (
				"$(DERIVED_FILE_DIR)/Pods-prestyle-checkManifestLockResult.txt",
			);
			runOnlyForDeploymentPostprocessing = 0;
			shellPath = /bin/sh;
			shellScript = "diff \"${PODS_PODFILE_DIR_PATH}/Podfile.lock\" \"${PODS_ROOT}/Manifest.lock\" > /dev/null\nif [ $? != 0 ] ; then\n    # print error to STDERR\n    echo \"error: The sandbox is not in sync with the Podfile.lock. Run 'pod install' or update your CocoaPods installation.\" >&2\n    exit 1\nfi\n# This output is used by Xcode 'outputs' to avoid re-running this script phase.\necho \"SUCCESS\" > \"${SCRIPT_OUTPUT_FILE_0}\"\n";
			showEnvVarsInLog = 0;
		};
/* End PBXShellScriptBuildPhase section */

/* Begin PBXSourcesBuildPhase section */
		F27B61AC238624640079C8D8 /* Sources */ = {
			isa = PBXSourcesBuildPhase;
			buildActionMask = 2147483647;
			files = (
				F2876B7F23867E1C00FD9B63 /* UIActivityIndicatorViewExtension.swift in Sources */,
				F27B61BE238624640079C8D8 /* prestyle.xcdatamodeld in Sources */,
				F2876B882386ADCA00FD9B63 /* CustomizingViewController.swift in Sources */,
				F27B61B4238624640079C8D8 /* AppDelegate.swift in Sources */,
				F27B61B6238624640079C8D8 /* SceneDelegate.swift in Sources */,
				F2876B7D23867DD600FD9B63 /* UIViewControllerExtension.swift in Sources */,
			);
			runOnlyForDeploymentPostprocessing = 0;
		};
/* End PBXSourcesBuildPhase section */

/* Begin PBXVariantGroup section */
		F27B61B9238624640079C8D8 /* Main.storyboard */ = {
			isa = PBXVariantGroup;
			children = (
				F27B61BA238624640079C8D8 /* Base */,
			);
			name = Main.storyboard;
			sourceTree = "<group>";
		};
		F27B61C1238624640079C8D8 /* LaunchScreen.storyboard */ = {
			isa = PBXVariantGroup;
			children = (
				F27B61C2238624640079C8D8 /* Base */,
			);
			name = LaunchScreen.storyboard;
			sourceTree = "<group>";
		};
/* End PBXVariantGroup section */

/* Begin XCBuildConfiguration section */
		F27B61C5238624640079C8D8 /* Debug */ = {
			isa = XCBuildConfiguration;
			buildSettings = {
				ALWAYS_SEARCH_USER_PATHS = NO;
				CLANG_ANALYZER_NONNULL = YES;
				CLANG_ANALYZER_NUMBER_OBJECT_CONVERSION = YES_AGGRESSIVE;
				CLANG_CXX_LANGUAGE_STANDARD = "gnu++14";
				CLANG_CXX_LIBRARY = "libc++";
				CLANG_ENABLE_MODULES = YES;
				CLANG_ENABLE_OBJC_ARC = YES;
				CLANG_ENABLE_OBJC_WEAK = YES;
				CLANG_WARN_BLOCK_CAPTURE_AUTORELEASING = YES;
				CLANG_WARN_BOOL_CONVERSION = YES;
				CLANG_WARN_COMMA = YES;
				CLANG_WARN_CONSTANT_CONVERSION = YES;
				CLANG_WARN_DEPRECATED_OBJC_IMPLEMENTATIONS = YES;
				CLANG_WARN_DIRECT_OBJC_ISA_USAGE = YES_ERROR;
				CLANG_WARN_DOCUMENTATION_COMMENTS = YES;
				CLANG_WARN_EMPTY_BODY = YES;
				CLANG_WARN_ENUM_CONVERSION = YES;
				CLANG_WARN_INFINITE_RECURSION = YES;
				CLANG_WARN_INT_CONVERSION = YES;
				CLANG_WARN_NON_LITERAL_NULL_CONVERSION = YES;
				CLANG_WARN_OBJC_IMPLICIT_RETAIN_SELF = YES;
				CLANG_WARN_OBJC_LITERAL_CONVERSION = YES;
				CLANG_WARN_OBJC_ROOT_CLASS = YES_ERROR;
				CLANG_WARN_RANGE_LOOP_ANALYSIS = YES;
				CLANG_WARN_STRICT_PROTOTYPES = YES;
				CLANG_WARN_SUSPICIOUS_MOVE = YES;
				CLANG_WARN_UNGUARDED_AVAILABILITY = YES_AGGRESSIVE;
				CLANG_WARN_UNREACHABLE_CODE = YES;
				CLANG_WARN__DUPLICATE_METHOD_MATCH = YES;
				COPY_PHASE_STRIP = NO;
				DEBUG_INFORMATION_FORMAT = dwarf;
				ENABLE_STRICT_OBJC_MSGSEND = YES;
				ENABLE_TESTABILITY = YES;
				GCC_C_LANGUAGE_STANDARD = gnu11;
				GCC_DYNAMIC_NO_PIC = NO;
				GCC_NO_COMMON_BLOCKS = YES;
				GCC_OPTIMIZATION_LEVEL = 0;
				GCC_PREPROCESSOR_DEFINITIONS = (
					"DEBUG=1",
					"$(inherited)",
				);
				GCC_WARN_64_TO_32_BIT_CONVERSION = YES;
				GCC_WARN_ABOUT_RETURN_TYPE = YES_ERROR;
				GCC_WARN_UNDECLARED_SELECTOR = YES;
				GCC_WARN_UNINITIALIZED_AUTOS = YES_AGGRESSIVE;
				GCC_WARN_UNUSED_FUNCTION = YES;
				GCC_WARN_UNUSED_VARIABLE = YES;
				IPHONEOS_DEPLOYMENT_TARGET = 13.2;
				MTL_ENABLE_DEBUG_INFO = INCLUDE_SOURCE;
				MTL_FAST_MATH = YES;
				ONLY_ACTIVE_ARCH = YES;
				SDKROOT = iphoneos;
				SWIFT_ACTIVE_COMPILATION_CONDITIONS = DEBUG;
				SWIFT_OPTIMIZATION_LEVEL = "-Onone";
			};
			name = Debug;
		};
		F27B61C6238624640079C8D8 /* Release */ = {
			isa = XCBuildConfiguration;
			buildSettings = {
				ALWAYS_SEARCH_USER_PATHS = NO;
				CLANG_ANALYZER_NONNULL = YES;
				CLANG_ANALYZER_NUMBER_OBJECT_CONVERSION = YES_AGGRESSIVE;
				CLANG_CXX_LANGUAGE_STANDARD = "gnu++14";
				CLANG_CXX_LIBRARY = "libc++";
				CLANG_ENABLE_MODULES = YES;
				CLANG_ENABLE_OBJC_ARC = YES;
				CLANG_ENABLE_OBJC_WEAK = YES;
				CLANG_WARN_BLOCK_CAPTURE_AUTORELEASING = YES;
				CLANG_WARN_BOOL_CONVERSION = YES;
				CLANG_WARN_COMMA = YES;
				CLANG_WARN_CONSTANT_CONVERSION = YES;
				CLANG_WARN_DEPRECATED_OBJC_IMPLEMENTATIONS = YES;
				CLANG_WARN_DIRECT_OBJC_ISA_USAGE = YES_ERROR;
				CLANG_WARN_DOCUMENTATION_COMMENTS = YES;
				CLANG_WARN_EMPTY_BODY = YES;
				CLANG_WARN_ENUM_CONVERSION = YES;
				CLANG_WARN_INFINITE_RECURSION = YES;
				CLANG_WARN_INT_CONVERSION = YES;
				CLANG_WARN_NON_LITERAL_NULL_CONVERSION = YES;
				CLANG_WARN_OBJC_IMPLICIT_RETAIN_SELF = YES;
				CLANG_WARN_OBJC_LITERAL_CONVERSION = YES;
				CLANG_WARN_OBJC_ROOT_CLASS = YES_ERROR;
				CLANG_WARN_RANGE_LOOP_ANALYSIS = YES;
				CLANG_WARN_STRICT_PROTOTYPES = YES;
				CLANG_WARN_SUSPICIOUS_MOVE = YES;
				CLANG_WARN_UNGUARDED_AVAILABILITY = YES_AGGRESSIVE;
				CLANG_WARN_UNREACHABLE_CODE = YES;
				CLANG_WARN__DUPLICATE_METHOD_MATCH = YES;
				COPY_PHASE_STRIP = NO;
				DEBUG_INFORMATION_FORMAT = "dwarf-with-dsym";
				ENABLE_NS_ASSERTIONS = NO;
				ENABLE_STRICT_OBJC_MSGSEND = YES;
				GCC_C_LANGUAGE_STANDARD = gnu11;
				GCC_NO_COMMON_BLOCKS = YES;
				GCC_WARN_64_TO_32_BIT_CONVERSION = YES;
				GCC_WARN_ABOUT_RETURN_TYPE = YES_ERROR;
				GCC_WARN_UNDECLARED_SELECTOR = YES;
				GCC_WARN_UNINITIALIZED_AUTOS = YES_AGGRESSIVE;
				GCC_WARN_UNUSED_FUNCTION = YES;
				GCC_WARN_UNUSED_VARIABLE = YES;
				IPHONEOS_DEPLOYMENT_TARGET = 13.2;
				MTL_ENABLE_DEBUG_INFO = NO;
				MTL_FAST_MATH = YES;
				SDKROOT = iphoneos;
				SWIFT_COMPILATION_MODE = wholemodule;
				SWIFT_OPTIMIZATION_LEVEL = "-O";
				VALIDATE_PRODUCT = YES;
			};
			name = Release;
		};
		F27B61C8238624640079C8D8 /* Debug */ = {
			isa = XCBuildConfiguration;
			baseConfigurationReference = 9935E32DD58444E25571CFD8 /* Pods-prestyle.debug.xcconfig */;
			buildSettings = {
				ASSETCATALOG_COMPILER_APPICON_NAME = AppIcon;
				CODE_SIGN_STYLE = Automatic;
				DEVELOPMENT_TEAM = 75FNRKTJ9S;
				INFOPLIST_FILE = prestyle/Info.plist;
				LD_RUNPATH_SEARCH_PATHS = (
					"$(inherited)",
					"@executable_path/Frameworks",
				);
				PRODUCT_BUNDLE_IDENTIFIER = "com.tistory.axe-num1.prestyle";
				PRODUCT_NAME = "$(TARGET_NAME)";
				SWIFT_VERSION = 5.0;
				TARGETED_DEVICE_FAMILY = "1,2";
			};
			name = Debug;
		};
		F27B61C9238624640079C8D8 /* Release */ = {
			isa = XCBuildConfiguration;
			baseConfigurationReference = 86283F9893B8ED11EF1762A9 /* Pods-prestyle.release.xcconfig */;
			buildSettings = {
				ASSETCATALOG_COMPILER_APPICON_NAME = AppIcon;
				CODE_SIGN_STYLE = Automatic;
				DEVELOPMENT_TEAM = 75FNRKTJ9S;
				INFOPLIST_FILE = prestyle/Info.plist;
				LD_RUNPATH_SEARCH_PATHS = (
					"$(inherited)",
					"@executable_path/Frameworks",
				);
				PRODUCT_BUNDLE_IDENTIFIER = "com.tistory.axe-num1.prestyle";
				PRODUCT_NAME = "$(TARGET_NAME)";
				SWIFT_VERSION = 5.0;
				TARGETED_DEVICE_FAMILY = "1,2";
			};
			name = Release;
		};
/* End XCBuildConfiguration section */

/* Begin XCConfigurationList section */
		F27B61AB238624640079C8D8 /* Build configuration list for PBXProject "prestyle" */ = {
			isa = XCConfigurationList;
			buildConfigurations = (
				F27B61C5238624640079C8D8 /* Debug */,
				F27B61C6238624640079C8D8 /* Release */,
			);
			defaultConfigurationIsVisible = 0;
			defaultConfigurationName = Release;
		};
		F27B61C7238624640079C8D8 /* Build configuration list for PBXNativeTarget "prestyle" */ = {
			isa = XCConfigurationList;
			buildConfigurations = (
				F27B61C8238624640079C8D8 /* Debug */,
				F27B61C9238624640079C8D8 /* Release */,
			);
			defaultConfigurationIsVisible = 0;
			defaultConfigurationName = Release;
		};
/* End XCConfigurationList section */

/* Begin XCVersionGroup section */
		F27B61BC238624640079C8D8 /* prestyle.xcdatamodeld */ = {
			isa = XCVersionGroup;
			children = (
				F27B61BD238624640079C8D8 /* prestyle.xcdatamodel */,
			);
			currentVersion = F27B61BD238624640079C8D8 /* prestyle.xcdatamodel */;
			path = prestyle.xcdatamodeld;
			sourceTree = "<group>";
			versionGroupType = wrapper.xcdatamodel;
		};
/* End XCVersionGroup section */
	};
	rootObject = F27B61A8238624640079C8D8 /* Project object */;
}
